
Microsoft Visual Studio Solution File, Format Version 12.00
# Visual Studio Version 16
VisualStudioVersion = 16.0.32901.82
MinimumVisualStudioVersion = 10.0.40219.1
Project("{FAE04EC0-301F-11D3-BF4B-00C04F79EFBC}") = "Locker", "Locker.csproj", "{C2BF7EE3-737C-465C-A525-45CAF5364035}"
EndProject
Global
	GlobalSection(SolutionConfigurationPlatforms) = preSolution
		Debug|Any CPU = Debug|Any CPU
		Release|Any CPU = Release|Any CPU
	EndGlobalSection
	GlobalSection(ProjectConfigurationPlatforms) = postSolution
		{C2BF7EE3-737C-465C-A525-45CAF5364035}.Debug|Any CPU.ActiveCfg = Debug|Any CPU
		{C2BF7EE3-737C-465C-A525-45CAF5364035}.Debug|Any CPU.Build.0 = Debug|Any CPU
		{C2BF7EE3-737C-465C-A525-45CAF5364035}.Release|Any CPU.ActiveCfg = Release|Any CPU
		{C2BF7EE3-737C-465C-A525-45CAF5364035}.Release|Any CPU.Build.0 = Release|Any CPU
	EndGlobalSection
	GlobalSection(SolutionProperties) = preSolution
		HideSolutionNode = FALSE
	EndGlobalSection
	GlobalSection(ExtensibilityGlobals) = postSolution
		SolutionGuid = {34DC3DAE-D427-4C47-9EBA-30FDE92061BE}
	EndGlobalSection
EndGlobal
